// !$*UTF8*$!
{
	archiveVersion = 1;
	classes = {
	};
	objectVersion = 56;
	objects = {

/* Begin PBXBuildFile section */
		8D6F24D32BCD6279005C0A3E /* JournalDetailView.swift in Sources */ = {isa = PBXBuildFile; fileRef = 8D6F24D22BCD6279005C0A3E /* JournalDetailView.swift */; };
		8D6F24D52BCD62C1005C0A3E /* JournalListView.swift in Sources */ = {isa = PBXBuildFile; fileRef = 8D6F24D42BCD62C1005C0A3E /* JournalListView.swift */; };
		8D6F24D92BCD7FA6005C0A3E /* JournalData.swift in Sources */ = {isa = PBXBuildFile; fileRef = 8D6F24D82BCD7FA6005C0A3E /* JournalData.swift */; };
		8D6F24DB2BCD84FB005C0A3E /* JournalState.swift in Sources */ = {isa = PBXBuildFile; fileRef = 8D6F24DA2BCD84FB005C0A3E /* JournalState.swift */; };
		8DB0BFF72BC7B5B200105456 /* MonaegiApp.swift in Sources */ = {isa = PBXBuildFile; fileRef = 8DB0BFF62BC7B5B200105456 /* MonaegiApp.swift */; };
		8DB0BFF92BC7B5B200105456 /* ContentView.swift in Sources */ = {isa = PBXBuildFile; fileRef = 8DB0BFF82BC7B5B200105456 /* ContentView.swift */; };
		8DB0BFFB2BC7B5B300105456 /* Assets.xcassets in Resources */ = {isa = PBXBuildFile; fileRef = 8DB0BFFA2BC7B5B300105456 /* Assets.xcassets */; };
		8DB0BFFE2BC7B5B300105456 /* Preview Assets.xcassets in Resources */ = {isa = PBXBuildFile; fileRef = 8DB0BFFD2BC7B5B300105456 /* Preview Assets.xcassets */; };
		8DB0C0032BC7B5B300105456 /* Monaegi.xcdatamodeld in Sources */ = {isa = PBXBuildFile; fileRef = 8DB0C0012BC7B5B300105456 /* Monaegi.xcdatamodeld */; };
		8DB0C00A2BC7CBD900105456 /* CalendarView.swift in Sources */ = {isa = PBXBuildFile; fileRef = 8DB0C0092BC7CBD900105456 /* CalendarView.swift */; };
		8DB0C00F2BC7CC4400105456 /* Extension.swift in Sources */ = {isa = PBXBuildFile; fileRef = 8DB0C00E2BC7CC4400105456 /* Extension.swift */; };
		8DB0C0122BC9251400105456 /* JournalView.swift in Sources */ = {isa = PBXBuildFile; fileRef = 8DB0C0112BC9251400105456 /* JournalView.swift */; };
/* End PBXBuildFile section */

/* Begin PBXFileReference section */
		8D6F24D22BCD6279005C0A3E /* JournalDetailView.swift */ = {isa = PBXFileReference; lastKnownFileType = sourcecode.swift; path = JournalDetailView.swift; sourceTree = "<group>"; };
		8D6F24D42BCD62C1005C0A3E /* JournalListView.swift */ = {isa = PBXFileReference; lastKnownFileType = sourcecode.swift; path = JournalListView.swift; sourceTree = "<group>"; };
		8D6F24D82BCD7FA6005C0A3E /* JournalData.swift */ = {isa = PBXFileReference; lastKnownFileType = sourcecode.swift; path = JournalData.swift; sourceTree = "<group>"; };
		8D6F24DA2BCD84FB005C0A3E /* JournalState.swift */ = {isa = PBXFileReference; lastKnownFileType = sourcecode.swift; path = JournalState.swift; sourceTree = "<group>"; };
		8DB0BFF32BC7B5B200105456 /* Monaegi.app */ = {isa = PBXFileReference; explicitFileType = wrapper.application; includeInIndex = 0; path = Monaegi.app; sourceTree = BUILT_PRODUCTS_DIR; };
		8DB0BFF62BC7B5B200105456 /* MonaegiApp.swift */ = {isa = PBXFileReference; lastKnownFileType = sourcecode.swift; path = MonaegiApp.swift; sourceTree = "<group>"; };
		8DB0BFF82BC7B5B200105456 /* ContentView.swift */ = {isa = PBXFileReference; lastKnownFileType = sourcecode.swift; path = ContentView.swift; sourceTree = "<group>"; };
		8DB0BFFA2BC7B5B300105456 /* Assets.xcassets */ = {isa = PBXFileReference; lastKnownFileType = folder.assetcatalog; path = Assets.xcassets; sourceTree = "<group>"; };
		8DB0BFFD2BC7B5B300105456 /* Preview Assets.xcassets */ = {isa = PBXFileReference; lastKnownFileType = folder.assetcatalog; path = "Preview Assets.xcassets"; sourceTree = "<group>"; };
		8DB0C0022BC7B5B300105456 /* Monaegi.xcdatamodel */ = {isa = PBXFileReference; lastKnownFileType = wrapper.xcdatamodel; path = Monaegi.xcdatamodel; sourceTree = "<group>"; };
		8DB0C0092BC7CBD900105456 /* CalendarView.swift */ = {isa = PBXFileReference; lastKnownFileType = sourcecode.swift; path = CalendarView.swift; sourceTree = "<group>"; };
		8DB0C00E2BC7CC4400105456 /* Extension.swift */ = {isa = PBXFileReference; lastKnownFileType = sourcecode.swift; path = Extension.swift; sourceTree = "<group>"; };
		8DB0C0112BC9251400105456 /* JournalView.swift */ = {isa = PBXFileReference; lastKnownFileType = sourcecode.swift; path = JournalView.swift; sourceTree = "<group>"; };
/* End PBXFileReference section */

/* Begin PBXFrameworksBuildPhase section */
		8DB0BFF02BC7B5B200105456 /* Frameworks */ = {
			isa = PBXFrameworksBuildPhase;
			buildActionMask = 2147483647;
			files = (
			);
			runOnlyForDeploymentPostprocessing = 0;
		};
/* End PBXFrameworksBuildPhase section */

/* Begin PBXGroup section */
		8D6F24CE2BCD4C00005C0A3E /* ViewModels */ = {
			isa = PBXGroup;
			children = (
			);
			path = ViewModels;
			sourceTree = "<group>";
		};
		8D6F24CF2BCD4C15005C0A3E /* Helpers */ = {
			isa = PBXGroup;
			children = (
				8DB0C00E2BC7CC4400105456 /* Extension.swift */,
			);
			path = Helpers;
			sourceTree = "<group>";
		};
		8DB0BFEA2BC7B5B200105456 = {
			isa = PBXGroup;
			children = (
				8DB0BFF52BC7B5B200105456 /* Monaegi */,
				8DB0BFF42BC7B5B200105456 /* Products */,
			);
			sourceTree = "<group>";
		};
		8DB0BFF42BC7B5B200105456 /* Products */ = {
			isa = PBXGroup;
			children = (
				8DB0BFF32BC7B5B200105456 /* Monaegi.app */,
			);
			name = Products;
			sourceTree = "<group>";
		};
		8DB0BFF52BC7B5B200105456 /* Monaegi */ = {
			isa = PBXGroup;
			children = (
				8DB0BFFA2BC7B5B300105456 /* Assets.xcassets */,
				8DB0C0012BC7B5B300105456 /* Monaegi.xcdatamodeld */,
				8DB0BFF62BC7B5B200105456 /* MonaegiApp.swift */,
				8D6F24CF2BCD4C15005C0A3E /* Helpers */,
				8D6F24CE2BCD4C00005C0A3E /* ViewModels */,
				8DB0C00C2BC7CBE200105456 /* Models */,
				8DB0C0102BC924E500105456 /* Components */,
				8DB0C00B2BC7CBDE00105456 /* Views */,
				8DB0BFFC2BC7B5B300105456 /* Preview Content */,
			);
			path = Monaegi;
			sourceTree = "<group>";
		};
		8DB0BFFC2BC7B5B300105456 /* Preview Content */ = {
			isa = PBXGroup;
			children = (
				8DB0BFFD2BC7B5B300105456 /* Preview Assets.xcassets */,
			);
			path = "Preview Content";
			sourceTree = "<group>";
		};
		8DB0C00B2BC7CBDE00105456 /* Views */ = {
			isa = PBXGroup;
			children = (
				8DB0BFF82BC7B5B200105456 /* ContentView.swift */,
				8DB0C0092BC7CBD900105456 /* CalendarView.swift */,
				8D6F24D22BCD6279005C0A3E /* JournalDetailView.swift */,
				8D6F24D42BCD62C1005C0A3E /* JournalListView.swift */,
			);
			path = Views;
			sourceTree = "<group>";
		};
		8DB0C00C2BC7CBE200105456 /* Models */ = {
			isa = PBXGroup;
			children = (
				8D6F24DA2BCD84FB005C0A3E /* JournalState.swift */,
				8D6F24D82BCD7FA6005C0A3E /* JournalData.swift */,
			);
			path = Models;
			sourceTree = "<group>";
		};
		8DB0C0102BC924E500105456 /* Components */ = {
			isa = PBXGroup;
			children = (
				8DB0C0112BC9251400105456 /* JournalView.swift */,
			);
			path = Components;
			sourceTree = "<group>";
		};
/* End PBXGroup section */

/* Begin PBXNativeTarget section */
		8DB0BFF22BC7B5B200105456 /* Monaegi */ = {
			isa = PBXNativeTarget;
			buildConfigurationList = 8DB0C0062BC7B5B300105456 /* Build configuration list for PBXNativeTarget "Monaegi" */;
			buildPhases = (
				8DB0BFEF2BC7B5B200105456 /* Sources */,
				8DB0BFF02BC7B5B200105456 /* Frameworks */,
				8DB0BFF12BC7B5B200105456 /* Resources */,
			);
			buildRules = (
			);
			dependencies = (
			);
			name = Monaegi;
			productName = Monaegi;
			productReference = 8DB0BFF32BC7B5B200105456 /* Monaegi.app */;
			productType = "com.apple.product-type.application";
		};
/* End PBXNativeTarget section */

/* Begin PBXProject section */
		8DB0BFEB2BC7B5B200105456 /* Project object */ = {
			isa = PBXProject;
			attributes = {
				BuildIndependentTargetsInParallel = 1;
				LastSwiftUpdateCheck = 1530;
				LastUpgradeCheck = 1530;
				TargetAttributes = {
					8DB0BFF22BC7B5B200105456 = {
						CreatedOnToolsVersion = 15.3;
					};
				};
			};
			buildConfigurationList = 8DB0BFEE2BC7B5B200105456 /* Build configuration list for PBXProject "Monaegi" */;
			compatibilityVersion = "Xcode 14.0";
			developmentRegion = en;
			hasScannedForEncodings = 0;
			knownRegions = (
				en,
				Base,
			);
			mainGroup = 8DB0BFEA2BC7B5B200105456;
			productRefGroup = 8DB0BFF42BC7B5B200105456 /* Products */;
			projectDirPath = "";
			projectRoot = "";
			targets = (
				8DB0BFF22BC7B5B200105456 /* Monaegi */,
			);
		};
/* End PBXProject section */

/* Begin PBXResourcesBuildPhase section */
		8DB0BFF12BC7B5B200105456 /* Resources */ = {
			isa = PBXResourcesBuildPhase;
			buildActionMask = 2147483647;
			files = (
				8DB0BFFE2BC7B5B300105456 /* Preview Assets.xcassets in Resources */,
				8DB0BFFB2BC7B5B300105456 /* Assets.xcassets in Resources */,
			);
			runOnlyForDeploymentPostprocessing = 0;
		};
/* End PBXResourcesBuildPhase section */

/* Begin PBXSourcesBuildPhase section */
		8DB0BFEF2BC7B5B200105456 /* Sources */ = {
			isa = PBXSourcesBuildPhase;
			buildActionMask = 2147483647;
			files = (
				8DB0C00A2BC7CBD900105456 /* CalendarView.swift in Sources */,
				8DB0C0032BC7B5B300105456 /* Monaegi.xcdatamodeld in Sources */,
				8D6F24D32BCD6279005C0A3E /* JournalDetailView.swift in Sources */,
				8D6F24D92BCD7FA6005C0A3E /* JournalData.swift in Sources */,
				8DB0C00F2BC7CC4400105456 /* Extension.swift in Sources */,
				8D6F24DB2BCD84FB005C0A3E /* JournalState.swift in Sources */,
				8DB0C0122BC9251400105456 /* JournalView.swift in Sources */,
				8DB0BFF92BC7B5B200105456 /* ContentView.swift in Sources */,
				8D6F24D52BCD62C1005C0A3E /* JournalListView.swift in Sources */,
				8DB0BFF72BC7B5B200105456 /* MonaegiApp.swift in Sources */,
			);
			runOnlyForDeploymentPostprocessing = 0;
		};
/* End PBXSourcesBuildPhase section */

/* Begin XCBuildConfiguration section */
		8DB0C0042BC7B5B300105456 /* Debug */ = {
			isa = XCBuildConfiguration;
			buildSettings = {
				ALWAYS_SEARCH_USER_PATHS = NO;
				ASSETCATALOG_COMPILER_GENERATE_SWIFT_ASSET_SYMBOL_EXTENSIONS = YES;
				CLANG_ANALYZER_NONNULL = YES;
				CLANG_ANALYZER_NUMBER_OBJECT_CONVERSION = YES_AGGRESSIVE;
				CLANG_CXX_LANGUAGE_STANDARD = "gnu++20";
				CLANG_ENABLE_MODULES = YES;
				CLANG_ENABLE_OBJC_ARC = YES;
				CLANG_ENABLE_OBJC_WEAK = YES;
				CLANG_WARN_BLOCK_CAPTURE_AUTORELEASING = YES;
				CLANG_WARN_BOOL_CONVERSION = YES;
				CLANG_WARN_COMMA = YES;
				CLANG_WARN_CONSTANT_CONVERSION = YES;
				CLANG_WARN_DEPRECATED_OBJC_IMPLEMENTATIONS = YES;
				CLANG_WARN_DIRECT_OBJC_ISA_USAGE = YES_ERROR;
				CLANG_WARN_DOCUMENTATION_COMMENTS = YES;
				CLANG_WARN_EMPTY_BODY = YES;
				CLANG_WARN_ENUM_CONVERSION = YES;
				CLANG_WARN_INFINITE_RECURSION = YES;
				CLANG_WARN_INT_CONVERSION = YES;
				CLANG_WARN_NON_LITERAL_NULL_CONVERSION = YES;
				CLANG_WARN_OBJC_IMPLICIT_RETAIN_SELF = YES;
				CLANG_WARN_OBJC_LITERAL_CONVERSION = YES;
				CLANG_WARN_OBJC_ROOT_CLASS = YES_ERROR;
				CLANG_WARN_QUOTED_INCLUDE_IN_FRAMEWORK_HEADER = YES;
				CLANG_WARN_RANGE_LOOP_ANALYSIS = YES;
				CLANG_WARN_STRICT_PROTOTYPES = YES;
				CLANG_WARN_SUSPICIOUS_MOVE = YES;
				CLANG_WARN_UNGUARDED_AVAILABILITY = YES_AGGRESSIVE;
				CLANG_WARN_UNREACHABLE_CODE = YES;
				CLANG_WARN__DUPLICATE_METHOD_MATCH = YES;
				COPY_PHASE_STRIP = NO;
				DEBUG_INFORMATION_FORMAT = dwarf;
				ENABLE_STRICT_OBJC_MSGSEND = YES;
				ENABLE_TESTABILITY = YES;
				ENABLE_USER_SCRIPT_SANDBOXING = YES;
				GCC_C_LANGUAGE_STANDARD = gnu17;
				GCC_DYNAMIC_NO_PIC = NO;
				GCC_NO_COMMON_BLOCKS = YES;
				GCC_OPTIMIZATION_LEVEL = 0;
				GCC_PREPROCESSOR_DEFINITIONS = (
					"DEBUG=1",
					"$(inherited)",
				);
				GCC_WARN_64_TO_32_BIT_CONVERSION = YES;
				GCC_WARN_ABOUT_RETURN_TYPE = YES_ERROR;
				GCC_WARN_UNDECLARED_SELECTOR = YES;
				GCC_WARN_UNINITIALIZED_AUTOS = YES_AGGRESSIVE;
				GCC_WARN_UNUSED_FUNCTION = YES;
				GCC_WARN_UNUSED_VARIABLE = YES;
				IPHONEOS_DEPLOYMENT_TARGET = 17.4;
				LOCALIZATION_PREFERS_STRING_CATALOGS = YES;
				MTL_ENABLE_DEBUG_INFO = INCLUDE_SOURCE;
				MTL_FAST_MATH = YES;
				ONLY_ACTIVE_ARCH = YES;
				SDKROOT = iphoneos;
				SWIFT_ACTIVE_COMPILATION_CONDITIONS = "DEBUG $(inherited)";
				SWIFT_OPTIMIZATION_LEVEL = "-Onone";
			};
			name = Debug;
		};
		8DB0C0052BC7B5B300105456 /* Release */ = {
			isa = XCBuildConfiguration;
			buildSettings = {
				ALWAYS_SEARCH_USER_PATHS = NO;
				ASSETCATALOG_COMPILER_GENERATE_SWIFT_ASSET_SYMBOL_EXTENSIONS = YES;
				CLANG_ANALYZER_NONNULL = YES;
				CLANG_ANALYZER_NUMBER_OBJECT_CONVERSION = YES_AGGRESSIVE;
				CLANG_CXX_LANGUAGE_STANDARD = "gnu++20";
				CLANG_ENABLE_MODULES = YES;
				CLANG_ENABLE_OBJC_ARC = YES;
				CLANG_ENABLE_OBJC_WEAK = YES;
				CLANG_WARN_BLOCK_CAPTURE_AUTORELEASING = YES;
				CLANG_WARN_BOOL_CONVERSION = YES;
				CLANG_WARN_COMMA = YES;
				CLANG_WARN_CONSTANT_CONVERSION = YES;
				CLANG_WARN_DEPRECATED_OBJC_IMPLEMENTATIONS = YES;
				CLANG_WARN_DIRECT_OBJC_ISA_USAGE = YES_ERROR;
				CLANG_WARN_DOCUMENTATION_COMMENTS = YES;
				CLANG_WARN_EMPTY_BODY = YES;
				CLANG_WARN_ENUM_CONVERSION = YES;
				CLANG_WARN_INFINITE_RECURSION = YES;
				CLANG_WARN_INT_CONVERSION = YES;
				CLANG_WARN_NON_LITERAL_NULL_CONVERSION = YES;
				CLANG_WARN_OBJC_IMPLICIT_RETAIN_SELF = YES;
				CLANG_WARN_OBJC_LITERAL_CONVERSION = YES;
				CLANG_WARN_OBJC_ROOT_CLASS = YES_ERROR;
				CLANG_WARN_QUOTED_INCLUDE_IN_FRAMEWORK_HEADER = YES;
				CLANG_WARN_RANGE_LOOP_ANALYSIS = YES;
				CLANG_WARN_STRICT_PROTOTYPES = YES;
				CLANG_WARN_SUSPICIOUS_MOVE = YES;
				CLANG_WARN_UNGUARDED_AVAILABILITY = YES_AGGRESSIVE;
				CLANG_WARN_UNREACHABLE_CODE = YES;
				CLANG_WARN__DUPLICATE_METHOD_MATCH = YES;
				COPY_PHASE_STRIP = NO;
				DEBUG_INFORMATION_FORMAT = "dwarf-with-dsym";
				ENABLE_NS_ASSERTIONS = NO;
				ENABLE_STRICT_OBJC_MSGSEND = YES;
				ENABLE_USER_SCRIPT_SANDBOXING = YES;
				GCC_C_LANGUAGE_STANDARD = gnu17;
				GCC_NO_COMMON_BLOCKS = YES;
				GCC_WARN_64_TO_32_BIT_CONVERSION = YES;
				GCC_WARN_ABOUT_RETURN_TYPE = YES_ERROR;
				GCC_WARN_UNDECLARED_SELECTOR = YES;
				GCC_WARN_UNINITIALIZED_AUTOS = YES_AGGRESSIVE;
				GCC_WARN_UNUSED_FUNCTION = YES;
				GCC_WARN_UNUSED_VARIABLE = YES;
				IPHONEOS_DEPLOYMENT_TARGET = 17.4;
				LOCALIZATION_PREFERS_STRING_CATALOGS = YES;
				MTL_ENABLE_DEBUG_INFO = NO;
				MTL_FAST_MATH = YES;
				SDKROOT = iphoneos;
				SWIFT_COMPILATION_MODE = wholemodule;
				VALIDATE_PRODUCT = YES;
			};
			name = Release;
		};
		8DB0C0072BC7B5B300105456 /* Debug */ = {
			isa = XCBuildConfiguration;
			buildSettings = {
				ASSETCATALOG_COMPILER_APPICON_NAME = AppIcon;
				ASSETCATALOG_COMPILER_GLOBAL_ACCENT_COLOR_NAME = AccentColor;
				CODE_SIGN_STYLE = Automatic;
				CURRENT_PROJECT_VERSION = 1;
				DEVELOPMENT_ASSET_PATHS = "\"Monaegi/Preview Content\"";
				DEVELOPMENT_TEAM = 888VRTGCXU;
				ENABLE_PREVIEWS = YES;
				GENERATE_INFOPLIST_FILE = YES;
				INFOPLIST_KEY_UIApplicationSceneManifest_Generation = YES;
				INFOPLIST_KEY_UIApplicationSupportsIndirectInputEvents = YES;
				INFOPLIST_KEY_UILaunchScreen_Generation = YES;
				INFOPLIST_KEY_UISupportedInterfaceOrientations_iPad = "UIInterfaceOrientationPortrait UIInterfaceOrientationPortraitUpsideDown UIInterfaceOrientationLandscapeLeft UIInterfaceOrientationLandscapeRight";
				INFOPLIST_KEY_UISupportedInterfaceOrientations_iPhone = "UIInterfaceOrientationPortrait UIInterfaceOrientationLandscapeLeft UIInterfaceOrientationLandscapeRight";
				LD_RUNPATH_SEARCH_PATHS = (
					"$(inherited)",
					"@executable_path/Frameworks",
				);
				MARKETING_VERSION = 1.0;
				PRODUCT_BUNDLE_IDENTIFIER = com.snooq.Monaegi;
				PRODUCT_NAME = "$(TARGET_NAME)";
				SWIFT_EMIT_LOC_STRINGS = YES;
				SWIFT_VERSION = 5.0;
				TARGETED_DEVICE_FAMILY = "1,2";
			};
			name = Debug;
		};
		8DB0C0082BC7B5B300105456 /* Release */ = {
			isa = XCBuildConfiguration;
			buildSettings = {
				ASSETCATALOG_COMPILER_APPICON_NAME = AppIcon;
				ASSETCATALOG_COMPILER_GLOBAL_ACCENT_COLOR_NAME = AccentColor;
				CODE_SIGN_STYLE = Automatic;
				CURRENT_PROJECT_VERSION = 1;
				DEVELOPMENT_ASSET_PATHS = "\"Monaegi/Preview Content\"";
				DEVELOPMENT_TEAM = 888VRTGCXU;
				ENABLE_PREVIEWS = YES;
				GENERATE_INFOPLIST_FILE = YES;
				INFOPLIST_KEY_UIApplicationSceneManifest_Generation = YES;
				INFOPLIST_KEY_UIApplicationSupportsIndirectInputEvents = YES;
				INFOPLIST_KEY_UILaunchScreen_Generation = YES;
				INFOPLIST_KEY_UISupportedInterfaceOrientations_iPad = "UIInterfaceOrientationPortrait UIInterfaceOrientationPortraitUpsideDown UIInterfaceOrientationLandscapeLeft UIInterfaceOrientationLandscapeRight";
				INFOPLIST_KEY_UISupportedInterfaceOrientations_iPhone = "UIInterfaceOrientationPortrait UIInterfaceOrientationLandscapeLeft UIInterfaceOrientationLandscapeRight";
				LD_RUNPATH_SEARCH_PATHS = (
					"$(inherited)",
					"@executable_path/Frameworks",
				);
				MARKETING_VERSION = 1.0;
				PRODUCT_BUNDLE_IDENTIFIER = com.snooq.Monaegi;
				PRODUCT_NAME = "$(TARGET_NAME)";
				SWIFT_EMIT_LOC_STRINGS = YES;
				SWIFT_VERSION = 5.0;
				TARGETED_DEVICE_FAMILY = "1,2";
			};
			name = Release;
		};
/* End XCBuildConfiguration section */

/* Begin XCConfigurationList section */
		8DB0BFEE2BC7B5B200105456 /* Build configuration list for PBXProject "Monaegi" */ = {
			isa = XCConfigurationList;
			buildConfigurations = (
				8DB0C0042BC7B5B300105456 /* Debug */,
				8DB0C0052BC7B5B300105456 /* Release */,
			);
			defaultConfigurationIsVisible = 0;
			defaultConfigurationName = Release;
		};
		8DB0C0062BC7B5B300105456 /* Build configuration list for PBXNativeTarget "Monaegi" */ = {
			isa = XCConfigurationList;
			buildConfigurations = (
				8DB0C0072BC7B5B300105456 /* Debug */,
				8DB0C0082BC7B5B300105456 /* Release */,
			);
			defaultConfigurationIsVisible = 0;
			defaultConfigurationName = Release;
		};
/* End XCConfigurationList section */

/* Begin XCVersionGroup section */
		8DB0C0012BC7B5B300105456 /* Monaegi.xcdatamodeld */ = {
			isa = XCVersionGroup;
			children = (
				8DB0C0022BC7B5B300105456 /* Monaegi.xcdatamodel */,
			);
			currentVersion = 8DB0C0022BC7B5B300105456 /* Monaegi.xcdatamodel */;
			path = Monaegi.xcdatamodeld;
			sourceTree = "<group>";
			versionGroupType = wrapper.xcdatamodel;
		};
/* End XCVersionGroup section */
	};
	rootObject = 8DB0BFEB2BC7B5B200105456 /* Project object */;
}
